
Microsoft Visual Studio Solution File, Format Version 12.00
# Visual Studio Version 17
VisualStudioVersion = 17.5.33516.290
MinimumVisualStudioVersion = 10.0.40219.1
Project("{FAE04EC0-301F-11D3-BF4B-00C04F79EFBC}") = "lab 8.2", "lab 8.2\lab 8.2.csproj", "{A40B9D63-5DF1-4E3F-AFF7-D1F66BDA2A3B}"
EndProject
Global
	GlobalSection(SolutionConfigurationPlatforms) = preSolution
		Debug|Any CPU = Debug|Any CPU
		Release|Any CPU = Release|Any CPU
	EndGlobalSection
	GlobalSection(ProjectConfigurationPlatforms) = postSolution
		{A40B9D63-5DF1-4E3F-AFF7-D1F66BDA2A3B}.Debug|Any CPU.ActiveCfg = Debug|Any CPU
		{A40B9D63-5DF1-4E3F-AFF7-D1F66BDA2A3B}.Debug|Any CPU.Build.0 = Debug|Any CPU
		{A40B9D63-5DF1-4E3F-AFF7-D1F66BDA2A3B}.Release|Any CPU.ActiveCfg = Release|Any CPU
		{A40B9D63-5DF1-4E3F-AFF7-D1F66BDA2A3B}.Release|Any CPU.Build.0 = Release|Any CPU
	EndGlobalSection
	GlobalSection(SolutionProperties) = preSolution
		HideSolutionNode = FALSE
	EndGlobalSection
	GlobalSection(ExtensibilityGlobals) = postSolution
		SolutionGuid = {3BB21B9D-5499-4580-B4FE-77D9EEA97799}
	EndGlobalSection
EndGlobal
